<Solution>
  <Folder Name="/build/">
    <File Path=".github/workflows/ci.yml" />
    <File Path=".github/workflows/publish.yml" />
  </Folder>
  <Folder Name="/docs/">
    <File Path="docs/commands.md" />
    <File Path="docs/getting-started.md" />
    <File Path="docs/run.md" />
    <File Path="docs/secrets.md" />
    <File Path="docs/settings.md" />
    <File Path="docs/token-replacement.md" />
    <File Path="docs/workflows.md" />
    <File Path="README.md" />
  </Folder>
  <Folder Name="/docs/Images/">
    <File Path="docs/Images/byo-logo.png" />
  </Folder>
  <Folder Name="/installers/">
    <File Path="installers/install.ps1" />
    <File Path="installers/install.sh" />
  </Folder>
  <Folder Name="/plugins/">
    <Project Path="plugins/byo-plugin-google-calendar/BYO.Plugin.GoogleCalendar.csproj" />
    <Project Path="plugins/byo-plugin-jira/BYO.Plugin.Jira.csproj" />
  </Folder>
  <Folder Name="/release/">
    <File Path=".github/RELEASE_TEMPLATE.md" />
    <File Path=".github/workflows/release.yml" />
  </Folder>
  <Folder Name="/src/">
    <Project Path="src/SoftwareWorker.BYO.Abstractions/SoftwareWorker.BYO.Abstractions.csproj" />
    <Project Path="src/SoftwareWorker.BYO.CLI/SoftwareWorker.BYO.CLI.csproj" />
    <Project Path="src/SoftwareWorker.BYO.Core/SoftwareWorker.BYO.Core.csproj" />
    <Project Path="src/SoftwareWorker.BYO.Integrations/SoftwareWorker.BYO.Integrations.csproj" />
  </Folder>
  <Folder Name="/tests/">
    <Project Path="tests/SoftwareWorker.BYO.Tests/SoftwareWorker.BYO.Tests.csproj" Id="82d7b6c5-1669-4edc-8180-2b2f01f5aaa1" />
  </Folder>
</Solution>
